<Solution>
  <Folder Name="/src/Hosts/">
    <Project Path="src\Woo.AICopilot.AppHost\Woo.AICopilot.AppHost.csproj" />
    <Project Path="src\Woo.AICopilot.HttpApi\Woo.AICopilot.HttpApi.csproj" />
    <Project Path="src\Woo.AICopilot.ServiceDefaults\Woo.AICopilot.ServiceDefaults.csproj" />
    <Project Path="src\Woo.AICopilot.MigrationWorkApp\Woo.AICopilot.MigrationWorkApp.csproj" />
    <Project Path="src\Woo.AICopilot.RagWorker\Woo.AICopilot.RagWorker.csproj" />
  </Folder>
  <Folder Name="/src/Core/">
    <Project Path="src\Woo.AICopilot.Core.AiGateway\Woo.AICopilot.Core.AiGateway.csproj" />
    <Project Path="src\Woo.AICopilot.Core.Rag\Woo.AICopilot.Core.Rag.csproj" />
    <Project Path="src\Woo.AICopilot.Core.DataAnalysis\Woo.AICopilot.Core.DataAnalysis.csproj" />
    <Project Path="src\Woo.AICopilot.Core.McpServer\Woo.AICopilot.Core.McpServer.csproj" />
  </Folder>
  <Folder Name="/src/Services/">
    <Project Path="src\Woo.AICopilot.AiGatewayService\Woo.AICopilot.AiGatewayService.csproj" />
    <Project Path="src\Woo.AICopilot.IdentityService\Woo.AICopilot.IdentityService.csproj" />
    <Project Path="src\Woo.AICopilot.Services.Common\Woo.AICopilot.Services.Common.csproj" />
    <Project Path="src\Woo.AICopilot.RagService\Woo.AICopilot.RagService.csproj" />
    <Project Path="src\Woo.AICopilot.DataAnalysisService\Woo.AICopilot.DataAnalysisService.csproj" />
    <Project Path="src\Woo.AICopilot.McpService\Woo.AICopilot.McpService.csproj" />
  </Folder>
  <Folder Name="/src/Infrastructure/">
    <Project Path="src\Woo.AICopilot.EntityFrameworkCore\Woo.AICopilot.EntityFrameworkCore.csproj" />
    <Project Path="src\Woo.AICopilot.Infrastructure\Woo.AICopilot.Infrastructure.csproj" />
    <Project Path="src\Woo.AICopilot.EventBus\Woo.AICopilot.EventBus.csproj" />
    <Project Path="src\Woo.AICopilot.Embedding\Woo.AICopilot.Embedding.csproj" />
    <Project Path="src\Woo.AICopilot.Dapper\Woo.AICopilot.Dapper.csproj" />
  </Folder>
  <Folder Name="/src/Shared/">
    <Project Path="src\Woo.AICopilot.SharedKernel\Woo.AICopilot.SharedKernel.csproj" />
    <Project Path="src\Woo.AICopilot.AgentPlugin\Woo.AICopilot.AgentPlugin.csproj" />
    <Project Path="src\Woo.AICopilot.Visualization\Woo.AICopilot.Visualization.csproj" />
  </Folder>
</Solution>
